
Microsoft Visual Studio Solution File, Format Version 12.00
# Visual Studio Version 16
VisualStudioVersion = 16.0.31624.102
MinimumVisualStudioVersion = 10.0.40219.1
Project("{8BC9CEB8-8B4A-11D0-8D11-00A0C91BC942}") = "Project32", "Project32.vcxproj", "{25C0D768-00DA-4F1F-9AED-23ADCC05D1A5}"
EndProject
Global
	GlobalSection(SolutionConfigurationPlatforms) = preSolution
		Debug|x64 = Debug|x64
		Debug|x86 = Debug|x86
		Release|x64 = Release|x64
		Release|x86 = Release|x86
	EndGlobalSection
	GlobalSection(ProjectConfigurationPlatforms) = postSolution
		{25C0D768-00DA-4F1F-9AED-23ADCC05D1A5}.Debug|x64.ActiveCfg = Debug|x64
		{25C0D768-00DA-4F1F-9AED-23ADCC05D1A5}.Debug|x64.Build.0 = Debug|x64
		{25C0D768-00DA-4F1F-9AED-23ADCC05D1A5}.Debug|x86.ActiveCfg = Debug|Win32
		{25C0D768-00DA-4F1F-9AED-23ADCC05D1A5}.Debug|x86.Build.0 = Debug|Win32
		{25C0D768-00DA-4F1F-9AED-23ADCC05D1A5}.Release|x64.ActiveCfg = Release|x64
		{25C0D768-00DA-4F1F-9AED-23ADCC05D1A5}.Release|x64.Build.0 = Release|x64
		{25C0D768-00DA-4F1F-9AED-23ADCC05D1A5}.Release|x86.ActiveCfg = Release|Win32
		{25C0D768-00DA-4F1F-9AED-23ADCC05D1A5}.Release|x86.Build.0 = Release|Win32
	EndGlobalSection
	GlobalSection(SolutionProperties) = preSolution
		HideSolutionNode = FALSE
	EndGlobalSection
	GlobalSection(ExtensibilityGlobals) = postSolution
		SolutionGuid = {5846AC20-2222-4DF6-9522-0B30E59A2FF6}
	EndGlobalSection
EndGlobal
